
Microsoft Visual Studio Solution File, Format Version 12.00
# Visual Studio Version 17
VisualStudioVersion = 17.9.34728.123
MinimumVisualStudioVersion = 10.0.40219.1
Project("{FAE04EC0-301F-11D3-BF4B-00C04F79EFBC}") = "MvcCoreInsights", "MvcCoreInsights\MvcCoreInsights.csproj", "{CE23876D-3F05-4A1A-9C74-F772F1385FEE}"
EndProject
Global
	GlobalSection(SolutionConfigurationPlatforms) = preSolution
		Debug|Any CPU = Debug|Any CPU
		Release|Any CPU = Release|Any CPU
	EndGlobalSection
	GlobalSection(ProjectConfigurationPlatforms) = postSolution
		{CE23876D-3F05-4A1A-9C74-F772F1385FEE}.Debug|Any CPU.ActiveCfg = Debug|Any CPU
		{CE23876D-3F05-4A1A-9C74-F772F1385FEE}.Debug|Any CPU.Build.0 = Debug|Any CPU
		{CE23876D-3F05-4A1A-9C74-F772F1385FEE}.Release|Any CPU.ActiveCfg = Release|Any CPU
		{CE23876D-3F05-4A1A-9C74-F772F1385FEE}.Release|Any CPU.Build.0 = Release|Any CPU
	EndGlobalSection
	GlobalSection(SolutionProperties) = preSolution
		HideSolutionNode = FALSE
	EndGlobalSection
	GlobalSection(ExtensibilityGlobals) = postSolution
		SolutionGuid = {A45C74A5-6F39-43AE-A5F3-A3C54A4A955A}
	EndGlobalSection
EndGlobal
